speakeasyVersion: 1.700.2
sources:
    kombo-prepared-spec:
        sourceNamespace: kombo-api
        sourceRevisionDigest: sha256:11a87b4ea5cefe111e8a8cddff8769b4855023b9fe233b7101d423e07a43c6d9
        sourceBlobDigest: sha256:807dafa38b43fa754113f4f8686b9f8aa58269c94f34c7ad33250c0356019d99
        tags:
            - latest
            - speakeasy-sdk-regen-1768004735
            - 1.0.0
targets:
    kombo-python:
        source: kombo-prepared-spec
        sourceNamespace: kombo-api
        sourceRevisionDigest: sha256:11a87b4ea5cefe111e8a8cddff8769b4855023b9fe233b7101d423e07a43c6d9
        sourceBlobDigest: sha256:807dafa38b43fa754113f4f8686b9f8aa58269c94f34c7ad33250c0356019d99
        codeSamplesNamespace: kombo-api-python-code-samples
        codeSamplesRevisionDigest: sha256:970a58bb1e910e491aa584532e5b1df80b4ee436a711b68e223e42d32b690801
workflow:
    workflowVersion: 1.0.0
    speakeasyVersion: latest
    sources:
        kombo-prepared-spec:
            inputs:
                - location: https://api.kombo.dev/internal/sdk.openapi.yaml
                  authHeader: Authorization
                  authSecret: $openapi_doc_auth_token
            registry:
                location: registry.speakeasyapi.dev/kombo-ayg/api/kombo-api
    targets:
        kombo-python:
            target: python
            source: kombo-prepared-spec
            publish:
                pypi:
                    token: $pypi_token
            codeSamples:
                registry:
                    location: registry.speakeasyapi.dev/kombo-ayg/api/kombo-api-python-code-samples
                blocking: false
            testing:
                enabled: false
