speakeasyVersion: 1.669.1
sources:
    kombo-prepared-spec:
        sourceNamespace: kombo-api
        sourceRevisionDigest: sha256:8d218153fe78175605ba8f84b93944d405604476cad35c3e34b4e2a910436b83
        sourceBlobDigest: sha256:ab005af353931ac99e0ed3f86e923222105f735834261b9cc92b25baffa7ee2c
        tags:
            - latest
            - speakeasy-sdk-regen-1764030105
            - 1.0.0
targets:
    kombo-python:
        source: kombo-prepared-spec
        sourceNamespace: kombo-api
        sourceRevisionDigest: sha256:8d218153fe78175605ba8f84b93944d405604476cad35c3e34b4e2a910436b83
        sourceBlobDigest: sha256:ab005af353931ac99e0ed3f86e923222105f735834261b9cc92b25baffa7ee2c
        codeSamplesNamespace: kombo-api-python-code-samples
        codeSamplesRevisionDigest: sha256:63ec7ec7f20895c5a8085668be08ea17370b4e8cd48befc2a8244349b32759e3
workflow:
    workflowVersion: 1.0.0
    speakeasyVersion: latest
    sources:
        kombo-prepared-spec:
            inputs:
                - location: https://api.kombo.dev/internal/sdk.openapi.yaml
                  authHeader: Authorization
                  authSecret: $openapi_doc_auth_token
            registry:
                location: registry.speakeasyapi.dev/kombo-ayg/api/kombo-api
    targets:
        kombo-python:
            target: python
            source: kombo-prepared-spec
            publish:
                pypi:
                    token: $pypi_token
            codeSamples:
                registry:
                    location: registry.speakeasyapi.dev/kombo-ayg/api/kombo-api-python-code-samples
                blocking: false
            testing:
                enabled: false
