speakeasyVersion: 1.762.0
sources:
    kombo-prepared-spec:
        sourceNamespace: kombo-api
        sourceRevisionDigest: sha256:b4a18963d1774686527a27093ed1fca4ab62dccae94614f248a819db73acf177
        sourceBlobDigest: sha256:d004cdb2a52980fcab46615506010b53d53568cfb5197bfc4b4e6b1414c7d43b
        tags:
            - latest
            - 1.0.0
targets:
    kombo-python:
        source: kombo-prepared-spec
        sourceNamespace: kombo-api
        sourceRevisionDigest: sha256:b4a18963d1774686527a27093ed1fca4ab62dccae94614f248a819db73acf177
        sourceBlobDigest: sha256:d004cdb2a52980fcab46615506010b53d53568cfb5197bfc4b4e6b1414c7d43b
        codeSamplesNamespace: kombo-api-python-code-samples
        codeSamplesRevisionDigest: sha256:d1cf0facbf04318aefedd9d76cbeae752cc98d143ae1ef1e2376ea9712e1c604
workflow:
    workflowVersion: 1.0.0
    speakeasyVersion: latest
    sources:
        kombo-prepared-spec:
            inputs:
                - location: https://api.kombo.dev/internal/sdk.openapi.yaml
                  authHeader: Authorization
                  authSecret: $openapi_doc_auth_token
            registry:
                location: registry.speakeasyapi.dev/kombo-ayg/api/kombo-api
    targets:
        kombo-python:
            target: python
            source: kombo-prepared-spec
            publish:
                pypi:
                    token: $pypi_token
            codeSamples:
                registry:
                    location: registry.speakeasyapi.dev/kombo-ayg/api/kombo-api-python-code-samples
                blocking: false
            testing:
                enabled: false
